
Microsoft Visual Studio Solution File, Format Version 12.00
# Visual Studio 15
VisualStudioVersion = 15.0.28307.1927
MinimumVisualStudioVersion = 10.0.40219.1
Project("{FAE04EC0-301F-11D3-BF4B-00C04F79EFBC}") = "Integrated_Robot_Interface", "Integrated_Robot_Interface\Integrated_Robot_Interface.csproj", "{A1416D81-FA5F-4641-A275-79DD4B88638B}"
EndProject
Global
	GlobalSection(SolutionConfigurationPlatforms) = preSolution
		Debug|Any CPU = Debug|Any CPU
		Release|Any CPU = Release|Any CPU
	EndGlobalSection
	GlobalSection(ProjectConfigurationPlatforms) = postSolution
		{A1416D81-FA5F-4641-A275-79DD4B88638B}.Debug|Any CPU.ActiveCfg = Debug|Any CPU
		{A1416D81-FA5F-4641-A275-79DD4B88638B}.Debug|Any CPU.Build.0 = Debug|Any CPU
		{A1416D81-FA5F-4641-A275-79DD4B88638B}.Release|Any CPU.ActiveCfg = Release|Any CPU
		{A1416D81-FA5F-4641-A275-79DD4B88638B}.Release|Any CPU.Build.0 = Release|Any CPU
	EndGlobalSection
	GlobalSection(SolutionProperties) = preSolution
		HideSolutionNode = FALSE
	EndGlobalSection
	GlobalSection(ExtensibilityGlobals) = postSolution
		SolutionGuid = {23195409-E964-4AC8-980C-C147F159FBA3}
	EndGlobalSection
EndGlobal
